
Microsoft Visual Studio Solution File, Format Version 12.00
# Visual Studio Version 16
VisualStudioVersion = 16.0.31005.135
MinimumVisualStudioVersion = 10.0.40219.1
Project("{FAE04EC0-301F-11D3-BF4B-00C04F79EFBC}") = "homework1", "homework1\homework1.csproj", "{06BFD668-164B-4BD0-8064-47EB84ABF64B}"
EndProject
Global
	GlobalSection(SolutionConfigurationPlatforms) = preSolution
		Debug|Any CPU = Debug|Any CPU
		Release|Any CPU = Release|Any CPU
	EndGlobalSection
	GlobalSection(ProjectConfigurationPlatforms) = postSolution
		{06BFD668-164B-4BD0-8064-47EB84ABF64B}.Debug|Any CPU.ActiveCfg = Debug|Any CPU
		{06BFD668-164B-4BD0-8064-47EB84ABF64B}.Debug|Any CPU.Build.0 = Debug|Any CPU
		{06BFD668-164B-4BD0-8064-47EB84ABF64B}.Release|Any CPU.ActiveCfg = Release|Any CPU
		{06BFD668-164B-4BD0-8064-47EB84ABF64B}.Release|Any CPU.Build.0 = Release|Any CPU
	EndGlobalSection
	GlobalSection(SolutionProperties) = preSolution
		HideSolutionNode = FALSE
	EndGlobalSection
	GlobalSection(ExtensibilityGlobals) = postSolution
		SolutionGuid = {11AA7D3D-97DF-46D0-9F46-E3855AD9100D}
	EndGlobalSection
EndGlobal
